// !$*UTF8*$!
{
	archiveVersion = 1;
	classes = {
	};
	objectVersion = 90;
	objects = {

/* Begin PBXBuildFile section */
		F43B7DAC2CFB7B63001483F1 /* ZIPFoundation in Frameworks */ = {isa = PBXBuildFile; productRef = F43B7DAB2CFB7B63001483F1 /* ZIPFoundation */; };
		F4C3CD9B2D8C205400AB36C8 /* Cocoa.framework in Frameworks */ = {isa = PBXBuildFile; fileRef = F4C3CD992D8C205000AB36C8 /* Cocoa.framework */; };
		F4C3CD9C2D8C205400AB36C8 /* Cocoa.framework in Embed Frameworks */ = {isa = PBXBuildFile; fileRef = F4C3CD992D8C205000AB36C8 /* Cocoa.framework */; settings = {ATTRIBUTES = (CodeSignOnCopy, RemoveHeadersOnCopy, ); }; };
		F4C3CDA02D8C249B00AB36C8 /* ZipArchive in Frameworks */ = {isa = PBXBuildFile; productRef = F4C3CD9F2D8C249B00AB36C8 /* ZipArchive */; };
		F4C3CDA22D8C278100AB36C8 /* XCTest.framework in Frameworks */ = {isa = PBXBuildFile; fileRef = F4C3CDA12D8C278100AB36C8 /* XCTest.framework */; };
/* End PBXBuildFile section */

/* Begin PBXContainerItemProxy section */
		F43B7D882CFB7A54001483F1 /* PBXContainerItemProxy */ = {
			isa = PBXContainerItemProxy;
			containerPortal = F43B7D6E2CFB7A51001483F1 /* Project object */;
			proxyType = 1;
			remoteGlobalIDString = F43B7D752CFB7A51001483F1;
			remoteInfo = ModIPA;
		};
		F43B7D922CFB7A55001483F1 /* PBXContainerItemProxy */ = {
			isa = PBXContainerItemProxy;
			containerPortal = F43B7D6E2CFB7A51001483F1 /* Project object */;
			proxyType = 1;
			remoteGlobalIDString = F43B7D752CFB7A51001483F1;
			remoteInfo = ModIPA;
		};
/* End PBXContainerItemProxy section */

/* Begin PBXCopyFilesBuildPhase section */
		F4C3CD9D2D8C205400AB36C8 /* Embed Frameworks */ = {
			isa = PBXCopyFilesBuildPhase;
			dstPath = "";
			dstSubfolder = Frameworks;
			files = (
				F4C3CD9C2D8C205400AB36C8 /* Cocoa.framework in Embed Frameworks */,
			);
			name = "Embed Frameworks";
		};
/* End PBXCopyFilesBuildPhase section */

/* Begin PBXFileReference section */
		F43B7D762CFB7A51001483F1 /* ModIPA.app */ = {isa = PBXFileReference; explicitFileType = wrapper.application; includeInIndex = 0; path = ModIPA.app; sourceTree = BUILT_PRODUCTS_DIR; };
		F43B7D872CFB7A54001483F1 /* ModIPATests.xctest */ = {isa = PBXFileReference; explicitFileType = wrapper.cfbundle; includeInIndex = 0; path = ModIPATests.xctest; sourceTree = BUILT_PRODUCTS_DIR; };
		F43B7D912CFB7A55001483F1 /* ModIPAUITests.xctest */ = {isa = PBXFileReference; explicitFileType = wrapper.cfbundle; includeInIndex = 0; path = ModIPAUITests.xctest; sourceTree = BUILT_PRODUCTS_DIR; };
		F4C3CD992D8C205000AB36C8 /* Cocoa.framework */ = {isa = PBXFileReference; lastKnownFileType = wrapper.framework; name = Cocoa.framework; path = System/Library/Frameworks/Cocoa.framework; sourceTree = SDKROOT; };
		F4C3CDA12D8C278100AB36C8 /* XCTest.framework */ = {isa = PBXFileReference; lastKnownFileType = wrapper.framework; name = XCTest.framework; path = Platforms/MacOSX.platform/Developer/Library/Frameworks/XCTest.framework; sourceTree = DEVELOPER_DIR; };
/* End PBXFileReference section */

/* Begin PBXFileSystemSynchronizedBuildFileExceptionSet section */
		F4B05E512CFBA9AA0031AA21 /* Exceptions for "ModIPA" folder in "ModIPA" target */ = {
			isa = PBXFileSystemSynchronizedBuildFileExceptionSet;
			membershipExceptions = (
				Info.plist,
			);
			target = F43B7D752CFB7A51001483F1 /* ModIPA */;
		};
/* End PBXFileSystemSynchronizedBuildFileExceptionSet section */

/* Begin PBXFileSystemSynchronizedRootGroup section */
		F43B7D782CFB7A51001483F1 /* ModIPA */ = {
			isa = PBXFileSystemSynchronizedRootGroup;
			exceptions = (
				F4B05E512CFBA9AA0031AA21 /* Exceptions for "ModIPA" folder in "ModIPA" target */,
			);
			path = ModIPA;
			sourceTree = "<group>";
		};
		F43B7D8A2CFB7A54001483F1 /* ModIPATests */ = {
			isa = PBXFileSystemSynchronizedRootGroup;
			path = ModIPATests;
			sourceTree = "<group>";
		};
		F43B7D942CFB7A55001483F1 /* ModIPAUITests */ = {
			isa = PBXFileSystemSynchronizedRootGroup;
			path = ModIPAUITests;
			sourceTree = "<group>";
		};
/* End PBXFileSystemSynchronizedRootGroup section */

/* Begin PBXFrameworksBuildPhase section */
		F43B7D732CFB7A51001483F1 /* Frameworks */ = {
			isa = PBXFrameworksBuildPhase;
			files = (
				F4C3CD9B2D8C205400AB36C8 /* Cocoa.framework in Frameworks */,
				F43B7DAC2CFB7B63001483F1 /* ZIPFoundation in Frameworks */,
				F4C3CDA02D8C249B00AB36C8 /* ZipArchive in Frameworks */,
			);
		};
		F43B7D842CFB7A54001483F1 /* Frameworks */ = {
			isa = PBXFrameworksBuildPhase;
			files = (
			);
		};
		F43B7D8E2CFB7A55001483F1 /* Frameworks */ = {
			isa = PBXFrameworksBuildPhase;
			files = (
				F4C3CDA22D8C278100AB36C8 /* XCTest.framework in Frameworks */,
			);
		};
/* End PBXFrameworksBuildPhase section */

/* Begin PBXGroup section */
		F43B7D6D2CFB7A51001483F1 = {
			isa = PBXGroup;
			children = (
				F43B7D782CFB7A51001483F1 /* ModIPA */,
				F43B7D8A2CFB7A54001483F1 /* ModIPATests */,
				F43B7D942CFB7A55001483F1 /* ModIPAUITests */,
				F43B7DCC2CFB9176001483F1 /* Frameworks */,
				F43B7D772CFB7A51001483F1 /* Products */,
			);
			sourceTree = "<group>";
		};
		F43B7D772CFB7A51001483F1 /* Products */ = {
			isa = PBXGroup;
			children = (
				F43B7D762CFB7A51001483F1 /* ModIPA.app */,
				F43B7D872CFB7A54001483F1 /* ModIPATests.xctest */,
				F43B7D912CFB7A55001483F1 /* ModIPAUITests.xctest */,
			);
			name = Products;
			sourceTree = "<group>";
		};
		F43B7DCC2CFB9176001483F1 /* Frameworks */ = {
			isa = PBXGroup;
			children = (
				F4C3CDA12D8C278100AB36C8 /* XCTest.framework */,
				F4C3CD992D8C205000AB36C8 /* Cocoa.framework */,
			);
			name = Frameworks;
			sourceTree = "<group>";
		};
/* End PBXGroup section */

/* Begin PBXNativeTarget section */
		F43B7D752CFB7A51001483F1 /* ModIPA */ = {
			isa = PBXNativeTarget;
			buildConfigurationList = F43B7D9B2CFB7A55001483F1 /* Build configuration list for PBXNativeTarget "ModIPA" */;
			buildPhases = (
				F43B7D722CFB7A51001483F1 /* Sources */,
				F43B7D732CFB7A51001483F1 /* Frameworks */,
				F43B7D742CFB7A51001483F1 /* Resources */,
				F4C3CD9D2D8C205400AB36C8 /* Embed Frameworks */,
			);
			buildRules = (
			);
			fileSystemSynchronizedGroups = (
				F43B7D782CFB7A51001483F1 /* ModIPA */,
			);
			name = ModIPA;
			packageProductDependencies = (
				F43B7DAB2CFB7B63001483F1 /* ZIPFoundation */,
				F4C3CD9F2D8C249B00AB36C8 /* ZipArchive */,
			);
			productName = ModIPA;
			productReference = F43B7D762CFB7A51001483F1 /* ModIPA.app */;
			productType = "com.apple.product-type.application";
		};
		F43B7D862CFB7A54001483F1 /* ModIPATests */ = {
			isa = PBXNativeTarget;
			buildConfigurationList = F43B7D9E2CFB7A55001483F1 /* Build configuration list for PBXNativeTarget "ModIPATests" */;
			buildPhases = (
				F43B7D832CFB7A54001483F1 /* Sources */,
				F43B7D842CFB7A54001483F1 /* Frameworks */,
				F43B7D852CFB7A54001483F1 /* Resources */,
			);
			buildRules = (
			);
			dependencies = (
				F43B7D892CFB7A54001483F1 /* PBXTargetDependency */,
			);
			fileSystemSynchronizedGroups = (
				F43B7D8A2CFB7A54001483F1 /* ModIPATests */,
			);
			name = ModIPATests;
			productName = ModIPATests;
			productReference = F43B7D872CFB7A54001483F1 /* ModIPATests.xctest */;
			productType = "com.apple.product-type.bundle.unit-test";
		};
		F43B7D902CFB7A55001483F1 /* ModIPAUITests */ = {
			isa = PBXNativeTarget;
			buildConfigurationList = F43B7DA12CFB7A55001483F1 /* Build configuration list for PBXNativeTarget "ModIPAUITests" */;
			buildPhases = (
				F43B7D8D2CFB7A55001483F1 /* Sources */,
				F43B7D8E2CFB7A55001483F1 /* Frameworks */,
				F43B7D8F2CFB7A55001483F1 /* Resources */,
			);
			buildRules = (
			);
			dependencies = (
				F43B7D932CFB7A55001483F1 /* PBXTargetDependency */,
			);
			fileSystemSynchronizedGroups = (
				F43B7D942CFB7A55001483F1 /* ModIPAUITests */,
			);
			name = ModIPAUITests;
			productName = ModIPAUITests;
			productReference = F43B7D912CFB7A55001483F1 /* ModIPAUITests.xctest */;
			productType = "com.apple.product-type.bundle.ui-testing";
		};
/* End PBXNativeTarget section */

/* Begin PBXProject section */
		F43B7D6E2CFB7A51001483F1 /* Project object */ = {
			isa = PBXProject;
			attributes = {
				BuildIndependentTargetsInParallel = 1;
				LastSwiftUpdateCheck = 1610;
				LastUpgradeCheck = 1610;
				TargetAttributes = {
					F43B7D752CFB7A51001483F1 = {
						CreatedOnToolsVersion = 16.1;
					};
					F43B7D862CFB7A54001483F1 = {
						CreatedOnToolsVersion = 16.1;
						TestTargetID = F43B7D752CFB7A51001483F1;
					};
					F43B7D902CFB7A55001483F1 = {
						CreatedOnToolsVersion = 16.1;
						TestTargetID = F43B7D752CFB7A51001483F1;
					};
				};
			};
			buildConfigurationList = F43B7D712CFB7A51001483F1 /* Build configuration list for PBXProject "ModIPA" */;
			developmentRegion = en;
			hasScannedForEncodings = 0;
			knownRegions = (
				en,
			);
			mainGroup = F43B7D6D2CFB7A51001483F1;
			packageReferences = (
				F43B7DAA2CFB7B63001483F1 /* XCRemoteSwiftPackageReference "ZIPFoundation" */,
				F4C3CD9E2D8C249B00AB36C8 /* XCRemoteSwiftPackageReference "ZipArchive" */,
			);
			preferredProjectObjectVersion = 90;
			productRefGroup = F43B7D772CFB7A51001483F1 /* Products */;
			projectDirPath = "";
			projectRoot = "";
			targets = (
				F43B7D752CFB7A51001483F1 /* ModIPA */,
				F43B7D862CFB7A54001483F1 /* ModIPATests */,
				F43B7D902CFB7A55001483F1 /* ModIPAUITests */,
			);
		};
/* End PBXProject section */

/* Begin PBXResourcesBuildPhase section */
		F43B7D742CFB7A51001483F1 /* Resources */ = {
			isa = PBXResourcesBuildPhase;
			files = (
			);
		};
		F43B7D852CFB7A54001483F1 /* Resources */ = {
			isa = PBXResourcesBuildPhase;
			files = (
			);
		};
		F43B7D8F2CFB7A55001483F1 /* Resources */ = {
			isa = PBXResourcesBuildPhase;
			files = (
			);
		};
/* End PBXResourcesBuildPhase section */

/* Begin PBXSourcesBuildPhase section */
		F43B7D722CFB7A51001483F1 /* Sources */ = {
			isa = PBXSourcesBuildPhase;
			files = (
			);
		};
		F43B7D832CFB7A54001483F1 /* Sources */ = {
			isa = PBXSourcesBuildPhase;
			files = (
			);
		};
		F43B7D8D2CFB7A55001483F1 /* Sources */ = {
			isa = PBXSourcesBuildPhase;
			files = (
			);
		};
/* End PBXSourcesBuildPhase section */

/* Begin PBXTargetDependency section */
		F43B7D892CFB7A54001483F1 /* PBXTargetDependency */ = {
			isa = PBXTargetDependency;
			target = F43B7D752CFB7A51001483F1 /* ModIPA */;
			targetProxy = F43B7D882CFB7A54001483F1 /* PBXContainerItemProxy */;
		};
		F43B7D932CFB7A55001483F1 /* PBXTargetDependency */ = {
			isa = PBXTargetDependency;
			target = F43B7D752CFB7A51001483F1 /* ModIPA */;
			targetProxy = F43B7D922CFB7A55001483F1 /* PBXContainerItemProxy */;
		};
/* End PBXTargetDependency section */

/* Begin XCBuildConfiguration section */
		F43B7D992CFB7A55001483F1 /* Debug configuration for PBXProject "ModIPA" */ = {
			isa = XCBuildConfiguration;
			buildSettings = {
				ALWAYS_SEARCH_USER_PATHS = NO;
				ASSETCATALOG_COMPILER_GENERATE_SWIFT_ASSET_SYMBOL_EXTENSIONS = YES;
				CLANG_ANALYZER_NONNULL = YES;
				CLANG_ANALYZER_NUMBER_OBJECT_CONVERSION = YES_AGGRESSIVE;
				CLANG_CXX_LANGUAGE_STANDARD = "gnu++20";
				CLANG_ENABLE_MODULES = YES;
				CLANG_ENABLE_OBJC_ARC = YES;
				CLANG_ENABLE_OBJC_WEAK = YES;
				CLANG_WARN_BLOCK_CAPTURE_AUTORELEASING = YES;
				CLANG_WARN_BOOL_CONVERSION = YES;
				CLANG_WARN_COMMA = YES;
				CLANG_WARN_CONSTANT_CONVERSION = YES;
				CLANG_WARN_DEPRECATED_OBJC_IMPLEMENTATIONS = YES;
				CLANG_WARN_DIRECT_OBJC_ISA_USAGE = YES_ERROR;
				CLANG_WARN_DOCUMENTATION_COMMENTS = YES;
				CLANG_WARN_EMPTY_BODY = YES;
				CLANG_WARN_ENUM_CONVERSION = YES;
				CLANG_WARN_INFINITE_RECURSION = YES;
				CLANG_WARN_INT_CONVERSION = YES;
				CLANG_WARN_NON_LITERAL_NULL_CONVERSION = YES;
				CLANG_WARN_OBJC_IMPLICIT_RETAIN_SELF = YES;
				CLANG_WARN_OBJC_LITERAL_CONVERSION = YES;
				CLANG_WARN_OBJC_ROOT_CLASS = YES_ERROR;
				CLANG_WARN_QUOTED_INCLUDE_IN_FRAMEWORK_HEADER = YES;
				CLANG_WARN_RANGE_LOOP_ANALYSIS = YES;
				CLANG_WARN_STRICT_PROTOTYPES = YES;
				CLANG_WARN_SUSPICIOUS_MOVE = YES;
				CLANG_WARN_UNGUARDED_AVAILABILITY = YES_AGGRESSIVE;
				CLANG_WARN_UNREACHABLE_CODE = YES;
				CLANG_WARN__DUPLICATE_METHOD_MATCH = YES;
				COPY_PHASE_STRIP = NO;
				DEBUG_INFORMATION_FORMAT = dwarf;
				ENABLE_STRICT_OBJC_MSGSEND = YES;
				ENABLE_TESTABILITY = YES;
				ENABLE_USER_SCRIPT_SANDBOXING = YES;
				GCC_C_LANGUAGE_STANDARD = gnu17;
				GCC_DYNAMIC_NO_PIC = NO;
				GCC_NO_COMMON_BLOCKS = YES;
				GCC_OPTIMIZATION_LEVEL = 0;
				GCC_PREPROCESSOR_DEFINITIONS = (
					"DEBUG=1",
					"$(inherited)",
				);
				GCC_WARN_64_TO_32_BIT_CONVERSION = YES;
				GCC_WARN_ABOUT_RETURN_TYPE = YES_ERROR;
				GCC_WARN_UNDECLARED_SELECTOR = YES;
				GCC_WARN_UNINITIALIZED_AUTOS = YES_AGGRESSIVE;
				GCC_WARN_UNUSED_FUNCTION = YES;
				GCC_WARN_UNUSED_VARIABLE = YES;
				LOCALIZATION_PREFERS_STRING_CATALOGS = YES;
				MACOSX_DEPLOYMENT_TARGET = 11.5;
				MTL_ENABLE_DEBUG_INFO = INCLUDE_SOURCE;
				MTL_FAST_MATH = YES;
				ONLY_ACTIVE_ARCH = YES;
				SDKROOT = macosx;
				SWIFT_ACTIVE_COMPILATION_CONDITIONS = "DEBUG $(inherited)";
				SWIFT_OPTIMIZATION_LEVEL = "-Onone";
			};
			name = Debug;
		};
		F43B7D9A2CFB7A55001483F1 /* Release configuration for PBXProject "ModIPA" */ = {
			isa = XCBuildConfiguration;
			buildSettings = {
				ALWAYS_SEARCH_USER_PATHS = NO;
				ASSETCATALOG_COMPILER_GENERATE_SWIFT_ASSET_SYMBOL_EXTENSIONS = YES;
				CLANG_ANALYZER_NONNULL = YES;
				CLANG_ANALYZER_NUMBER_OBJECT_CONVERSION = YES_AGGRESSIVE;
				CLANG_CXX_LANGUAGE_STANDARD = "gnu++20";
				CLANG_ENABLE_MODULES = YES;
				CLANG_ENABLE_OBJC_ARC = YES;
				CLANG_ENABLE_OBJC_WEAK = YES;
				CLANG_WARN_BLOCK_CAPTURE_AUTORELEASING = YES;
				CLANG_WARN_BOOL_CONVERSION = YES;
				CLANG_WARN_COMMA = YES;
				CLANG_WARN_CONSTANT_CONVERSION = YES;
				CLANG_WARN_DEPRECATED_OBJC_IMPLEMENTATIONS = YES;
				CLANG_WARN_DIRECT_OBJC_ISA_USAGE = YES_ERROR;
				CLANG_WARN_DOCUMENTATION_COMMENTS = YES;
				CLANG_WARN_EMPTY_BODY = YES;
				CLANG_WARN_ENUM_CONVERSION = YES;
				CLANG_WARN_INFINITE_RECURSION = YES;
				CLANG_WARN_INT_CONVERSION = YES;
				CLANG_WARN_NON_LITERAL_NULL_CONVERSION = YES;
				CLANG_WARN_OBJC_IMPLICIT_RETAIN_SELF = YES;
				CLANG_WARN_OBJC_LITERAL_CONVERSION = YES;
				CLANG_WARN_OBJC_ROOT_CLASS = YES_ERROR;
				CLANG_WARN_QUOTED_INCLUDE_IN_FRAMEWORK_HEADER = YES;
				CLANG_WARN_RANGE_LOOP_ANALYSIS = YES;
				CLANG_WARN_STRICT_PROTOTYPES = YES;
				CLANG_WARN_SUSPICIOUS_MOVE = YES;
				CLANG_WARN_UNGUARDED_AVAILABILITY = YES_AGGRESSIVE;
				CLANG_WARN_UNREACHABLE_CODE = YES;
				CLANG_WARN__DUPLICATE_METHOD_MATCH = YES;
				COPY_PHASE_STRIP = NO;
				DEBUG_INFORMATION_FORMAT = "dwarf-with-dsym";
				ENABLE_NS_ASSERTIONS = NO;
				ENABLE_STRICT_OBJC_MSGSEND = YES;
				ENABLE_USER_SCRIPT_SANDBOXING = YES;
				GCC_C_LANGUAGE_STANDARD = gnu17;
				GCC_NO_COMMON_BLOCKS = YES;
				GCC_WARN_64_TO_32_BIT_CONVERSION = YES;
				GCC_WARN_ABOUT_RETURN_TYPE = YES_ERROR;
				GCC_WARN_UNDECLARED_SELECTOR = YES;
				GCC_WARN_UNINITIALIZED_AUTOS = YES_AGGRESSIVE;
				GCC_WARN_UNUSED_FUNCTION = YES;
				GCC_WARN_UNUSED_VARIABLE = YES;
				LOCALIZATION_PREFERS_STRING_CATALOGS = YES;
				MACOSX_DEPLOYMENT_TARGET = 11.5;
				MTL_ENABLE_DEBUG_INFO = NO;
				MTL_FAST_MATH = YES;
				SDKROOT = macosx;
				SWIFT_COMPILATION_MODE = wholemodule;
			};
			name = Release;
		};
		F43B7D9C2CFB7A55001483F1 /* Debug configuration for PBXNativeTarget "ModIPA" */ = {
			isa = XCBuildConfiguration;
			buildSettings = {
				ASSETCATALOG_COMPILER_APPICON_NAME = AppIcon;
				ASSETCATALOG_COMPILER_GLOBAL_ACCENT_COLOR_NAME = AccentColor;
				CODE_SIGN_ENTITLEMENTS = ModIPA/ModIPA.entitlements;
				CODE_SIGN_IDENTITY = "Apple Development";
				"CODE_SIGN_IDENTITY[sdk=macosx*]" = "Mac Developer";
				CODE_SIGN_STYLE = Manual;
				COMBINE_HIDPI_IMAGES = YES;
				CURRENT_PROJECT_VERSION = 1;
				DEVELOPMENT_ASSET_PATHS = ModIPA/Assets.xcassets;
				DEVELOPMENT_TEAM = "";
				"DEVELOPMENT_TEAM[sdk=macosx*]" = 23Z4DA7LN3;
				ENABLE_HARDENED_RUNTIME = YES;
				ENABLE_PREVIEWS = YES;
				FRAMEWORK_SEARCH_PATHS = (
					"$(DEVELOPER_LIBRARY_DIR)/Frameworks",
					"$(SDKROOT)/Developer/Library/Frameworks",
				);
				INFOPLIST_FILE = ModIPA/Info.plist;
				INFOPLIST_KEY_CFBundleDisplayName = ModIPA;
				INFOPLIST_KEY_NSHumanReadableCopyright = "© 2024 CVORS. All rights reserved.";
				LD_RUNPATH_SEARCH_PATHS = (
					"$(inherited)",
					"@executable_path/../Frameworks",
				);
				MACOSX_DEPLOYMENT_TARGET = 11.5;
				MARKETING_VERSION = 1.3;
				PRODUCT_BUNDLE_IDENTIFIER = de.cvors.ModIPA;
				PRODUCT_NAME = "$(TARGET_NAME)";
				PROVISIONING_PROFILE_SPECIFIER = "";
				"PROVISIONING_PROFILE_SPECIFIER[sdk=macosx*]" = ModipaDevelopment;
				SWIFT_EMIT_LOC_STRINGS = YES;
				SWIFT_VERSION = 5.0;
			};
			name = Debug;
		};
		F43B7D9D2CFB7A55001483F1 /* Release configuration for PBXNativeTarget "ModIPA" */ = {
			isa = XCBuildConfiguration;
			buildSettings = {
				ASSETCATALOG_COMPILER_APPICON_NAME = AppIcon;
				ASSETCATALOG_COMPILER_GLOBAL_ACCENT_COLOR_NAME = AccentColor;
				CODE_SIGN_ENTITLEMENTS = ModIPA/ModIPA.entitlements;
				"CODE_SIGN_IDENTITY[sdk=macosx*]" = "3rd Party Mac Developer Application";
				CODE_SIGN_STYLE = Manual;
				COMBINE_HIDPI_IMAGES = YES;
				CURRENT_PROJECT_VERSION = 1;
				DEVELOPMENT_ASSET_PATHS = ModIPA/Assets.xcassets;
				DEVELOPMENT_TEAM = "";
				"DEVELOPMENT_TEAM[sdk=macosx*]" = 23Z4DA7LN3;
				ENABLE_HARDENED_RUNTIME = YES;
				ENABLE_PREVIEWS = YES;
				FRAMEWORK_SEARCH_PATHS = (
					"$(DEVELOPER_LIBRARY_DIR)/Frameworks",
					"$(SDKROOT)/Developer/Library/Frameworks",
				);
				INFOPLIST_FILE = ModIPA/Info.plist;
				INFOPLIST_KEY_CFBundleDisplayName = ModIPA;
				INFOPLIST_KEY_NSHumanReadableCopyright = "© 2024 CVORS. All rights reserved.";
				LD_RUNPATH_SEARCH_PATHS = (
					"$(inherited)",
					"@executable_path/../Frameworks",
				);
				MACOSX_DEPLOYMENT_TARGET = 11.5;
				MARKETING_VERSION = 1.3;
				PRODUCT_BUNDLE_IDENTIFIER = de.cvors.ModIPA;
				PRODUCT_NAME = "$(TARGET_NAME)";
				PROVISIONING_PROFILE_SPECIFIER = "";
				"PROVISIONING_PROFILE_SPECIFIER[sdk=macosx*]" = DistributionModIPA;
				SWIFT_EMIT_LOC_STRINGS = YES;
				SWIFT_VERSION = 5.0;
			};
			name = Release;
		};
		F43B7D9F2CFB7A55001483F1 /* Debug configuration for PBXNativeTarget "ModIPATests" */ = {
			isa = XCBuildConfiguration;
			buildSettings = {
				BUNDLE_LOADER = "$(TEST_HOST)";
				CODE_SIGN_STYLE = Automatic;
				CURRENT_PROJECT_VERSION = 1;
				DEVELOPMENT_TEAM = 23Z4DA7LN3;
				GENERATE_INFOPLIST_FILE = YES;
				MACOSX_DEPLOYMENT_TARGET = 11.5;
				MARKETING_VERSION = 1.3;
				PRODUCT_BUNDLE_IDENTIFIER = de.cvors.ModIPATests;
				PRODUCT_NAME = "$(TARGET_NAME)";
				SWIFT_EMIT_LOC_STRINGS = NO;
				SWIFT_VERSION = 5.0;
				TEST_HOST = "$(BUILT_PRODUCTS_DIR)/ModIPA.app/$(BUNDLE_EXECUTABLE_FOLDER_PATH)/ModIPA";
			};
			name = Debug;
		};
		F43B7DA02CFB7A55001483F1 /* Release configuration for PBXNativeTarget "ModIPATests" */ = {
			isa = XCBuildConfiguration;
			buildSettings = {
				BUNDLE_LOADER = "$(TEST_HOST)";
				CODE_SIGN_STYLE = Automatic;
				CURRENT_PROJECT_VERSION = 1;
				DEVELOPMENT_TEAM = 23Z4DA7LN3;
				GENERATE_INFOPLIST_FILE = YES;
				MACOSX_DEPLOYMENT_TARGET = 11.5;
				MARKETING_VERSION = 1.3;
				PRODUCT_BUNDLE_IDENTIFIER = de.cvors.ModIPATests;
				PRODUCT_NAME = "$(TARGET_NAME)";
				SWIFT_EMIT_LOC_STRINGS = NO;
				SWIFT_VERSION = 5.0;
				TEST_HOST = "$(BUILT_PRODUCTS_DIR)/ModIPA.app/$(BUNDLE_EXECUTABLE_FOLDER_PATH)/ModIPA";
			};
			name = Release;
		};
		F43B7DA22CFB7A55001483F1 /* Debug configuration for PBXNativeTarget "ModIPAUITests" */ = {
			isa = XCBuildConfiguration;
			buildSettings = {
				CODE_SIGN_STYLE = Automatic;
				CURRENT_PROJECT_VERSION = 1;
				DEVELOPMENT_TEAM = 23Z4DA7LN3;
				FRAMEWORK_SEARCH_PATHS = (
					"$(DEVELOPER_LIBRARY_DIR)/Frameworks",
					"$(SDKROOT)/Developer/Library/Frameworks",
				);
				GENERATE_INFOPLIST_FILE = YES;
				MACOSX_DEPLOYMENT_TARGET = 11.5;
				MARKETING_VERSION = 1.3;
				PRODUCT_BUNDLE_IDENTIFIER = de.cvors.ModIPAUITests;
				PRODUCT_NAME = "$(TARGET_NAME)";
				SWIFT_EMIT_LOC_STRINGS = NO;
				SWIFT_VERSION = 5.0;
				TEST_TARGET_NAME = ModIPA;
			};
			name = Debug;
		};
		F43B7DA32CFB7A55001483F1 /* Release configuration for PBXNativeTarget "ModIPAUITests" */ = {
			isa = XCBuildConfiguration;
			buildSettings = {
				CODE_SIGN_STYLE = Automatic;
				CURRENT_PROJECT_VERSION = 1;
				DEVELOPMENT_TEAM = 23Z4DA7LN3;
				FRAMEWORK_SEARCH_PATHS = (
					"$(DEVELOPER_LIBRARY_DIR)/Frameworks",
					"$(SDKROOT)/Developer/Library/Frameworks",
				);
				GENERATE_INFOPLIST_FILE = YES;
				MACOSX_DEPLOYMENT_TARGET = 11.5;
				MARKETING_VERSION = 1.3;
				PRODUCT_BUNDLE_IDENTIFIER = de.cvors.ModIPAUITests;
				PRODUCT_NAME = "$(TARGET_NAME)";
				SWIFT_EMIT_LOC_STRINGS = NO;
				SWIFT_VERSION = 5.0;
				TEST_TARGET_NAME = ModIPA;
			};
			name = Release;
		};
/* End XCBuildConfiguration section */

/* Begin XCConfigurationList section */
		F43B7D712CFB7A51001483F1 /* Build configuration list for PBXProject "ModIPA" */ = {
			isa = XCConfigurationList;
			buildConfigurations = (
				F43B7D992CFB7A55001483F1 /* Debug configuration for PBXProject "ModIPA" */,
				F43B7D9A2CFB7A55001483F1 /* Release configuration for PBXProject "ModIPA" */,
			);
			defaultConfigurationName = Release;
		};
		F43B7D9B2CFB7A55001483F1 /* Build configuration list for PBXNativeTarget "ModIPA" */ = {
			isa = XCConfigurationList;
			buildConfigurations = (
				F43B7D9C2CFB7A55001483F1 /* Debug configuration for PBXNativeTarget "ModIPA" */,
				F43B7D9D2CFB7A55001483F1 /* Release configuration for PBXNativeTarget "ModIPA" */,
			);
			defaultConfigurationName = Release;
		};
		F43B7D9E2CFB7A55001483F1 /* Build configuration list for PBXNativeTarget "ModIPATests" */ = {
			isa = XCConfigurationList;
			buildConfigurations = (
				F43B7D9F2CFB7A55001483F1 /* Debug configuration for PBXNativeTarget "ModIPATests" */,
				F43B7DA02CFB7A55001483F1 /* Release configuration for PBXNativeTarget "ModIPATests" */,
			);
			defaultConfigurationName = Release;
		};
		F43B7DA12CFB7A55001483F1 /* Build configuration list for PBXNativeTarget "ModIPAUITests" */ = {
			isa = XCConfigurationList;
			buildConfigurations = (
				F43B7DA22CFB7A55001483F1 /* Debug configuration for PBXNativeTarget "ModIPAUITests" */,
				F43B7DA32CFB7A55001483F1 /* Release configuration for PBXNativeTarget "ModIPAUITests" */,
			);
			defaultConfigurationName = Release;
		};
/* End XCConfigurationList section */

/* Begin XCRemoteSwiftPackageReference section */
		F43B7DAA2CFB7B63001483F1 /* XCRemoteSwiftPackageReference "ZIPFoundation" */ = {
			isa = XCRemoteSwiftPackageReference;
			repositoryURL = "https://github.com/weichsel/ZIPFoundation";
			requirement = {
				kind = upToNextMajorVersion;
				minimumVersion = 0.9.19;
			};
		};
		F4C3CD9E2D8C249B00AB36C8 /* XCRemoteSwiftPackageReference "ZipArchive" */ = {
			isa = XCRemoteSwiftPackageReference;
			repositoryURL = "https://github.com/ZipArchive/ZipArchive";
			requirement = {
				kind = upToNextMajorVersion;
				minimumVersion = 2.6.0;
			};
		};
/* End XCRemoteSwiftPackageReference section */

/* Begin XCSwiftPackageProductDependency section */
		F43B7DAB2CFB7B63001483F1 /* ZIPFoundation */ = {
			isa = XCSwiftPackageProductDependency;
			package = F43B7DAA2CFB7B63001483F1 /* XCRemoteSwiftPackageReference "ZIPFoundation" */;
			productName = ZIPFoundation;
		};
		F4C3CD9F2D8C249B00AB36C8 /* ZipArchive */ = {
			isa = XCSwiftPackageProductDependency;
			package = F4C3CD9E2D8C249B00AB36C8 /* XCRemoteSwiftPackageReference "ZipArchive" */;
			productName = ZipArchive;
		};
/* End XCSwiftPackageProductDependency section */
	};
	rootObject = F43B7D6E2CFB7A51001483F1 /* Project object */;
}
